
Microsoft Visual Studio Solution File, Format Version 12.00
# Visual Studio Version 17
VisualStudioVersion = 17.13.35825.156 d17.13
MinimumVisualStudioVersion = 10.0.40219.1
Project("{FAE04EC0-301F-11D3-BF4B-00C04F79EFBC}") = "TheFountainOfObjects", "TheFountainOfObjects.csproj", "{3ADB66E9-CC25-44F5-BB91-AB4E1ACA42F7}"
EndProject
Global
	GlobalSection(SolutionConfigurationPlatforms) = preSolution
		Debug|Any CPU = Debug|Any CPU
		Release|Any CPU = Release|Any CPU
	EndGlobalSection
	GlobalSection(ProjectConfigurationPlatforms) = postSolution
		{3ADB66E9-CC25-44F5-BB91-AB4E1ACA42F7}.Debug|Any CPU.ActiveCfg = Debug|Any CPU
		{3ADB66E9-CC25-44F5-BB91-AB4E1ACA42F7}.Debug|Any CPU.Build.0 = Debug|Any CPU
		{3ADB66E9-CC25-44F5-BB91-AB4E1ACA42F7}.Release|Any CPU.ActiveCfg = Release|Any CPU
		{3ADB66E9-CC25-44F5-BB91-AB4E1ACA42F7}.Release|Any CPU.Build.0 = Release|Any CPU
	EndGlobalSection
	GlobalSection(SolutionProperties) = preSolution
		HideSolutionNode = FALSE
	EndGlobalSection
	GlobalSection(ExtensibilityGlobals) = postSolution
		SolutionGuid = {25F5E3A7-3C6B-4CB8-B966-4CB88F571B91}
	EndGlobalSection
EndGlobal
