
Microsoft Visual Studio Solution File, Format Version 12.00
# Visual Studio Version 17
VisualStudioVersion = 17.13.35825.156 d17.13
MinimumVisualStudioVersion = 10.0.40219.1
Project("{FAE04EC0-301F-11D3-BF4B-00C04F79EFBC}") = "LargePrograms", "LargePrograms.csproj", "{950019B3-BF2B-4130-A3BF-7921EE4B7320}"
EndProject
Global
	GlobalSection(SolutionConfigurationPlatforms) = preSolution
		Debug|Any CPU = Debug|Any CPU
		Release|Any CPU = Release|Any CPU
	EndGlobalSection
	GlobalSection(ProjectConfigurationPlatforms) = postSolution
		{950019B3-BF2B-4130-A3BF-7921EE4B7320}.Debug|Any CPU.ActiveCfg = Debug|Any CPU
		{950019B3-BF2B-4130-A3BF-7921EE4B7320}.Debug|Any CPU.Build.0 = Debug|Any CPU
		{950019B3-BF2B-4130-A3BF-7921EE4B7320}.Release|Any CPU.ActiveCfg = Release|Any CPU
		{950019B3-BF2B-4130-A3BF-7921EE4B7320}.Release|Any CPU.Build.0 = Release|Any CPU
	EndGlobalSection
	GlobalSection(SolutionProperties) = preSolution
		HideSolutionNode = FALSE
	EndGlobalSection
	GlobalSection(ExtensibilityGlobals) = postSolution
		SolutionGuid = {958BE984-910E-4913-B3C5-EA15A8D163EE}
	EndGlobalSection
EndGlobal
